
Microsoft Visual Studio Solution File, Format Version 12.00
# Visual Studio 2017
Project("{FAE04EC0-301F-11D3-BF4B-00C04F79EFBC}") = "ObiRopeTest", "ObiRopeTest.csproj", "{1DDFCF5A-8E40-5B73-DCED-C0D97D235CB9}"
EndProject
Project("{FAE04EC0-301F-11D3-BF4B-00C04F79EFBC}") = "ObiRopeTest.Editor", "ObiRopeTest.Editor.csproj", "{D2633F8E-41F2-12A8-70B8-267BA950589E}"
EndProject
Global
	GlobalSection(SolutionConfigurationPlatforms) = preSolution
		Debug|Any CPU = Debug|Any CPU
		Release|Any CPU = Release|Any CPU
	EndGlobalSection
	GlobalSection(ProjectConfigurationPlatforms) = postSolution
		{1DDFCF5A-8E40-5B73-DCED-C0D97D235CB9}.Debug|Any CPU.ActiveCfg = Debug|Any CPU
		{1DDFCF5A-8E40-5B73-DCED-C0D97D235CB9}.Debug|Any CPU.Build.0 = Debug|Any CPU
		{1DDFCF5A-8E40-5B73-DCED-C0D97D235CB9}.Release|Any CPU.ActiveCfg = Release|Any CPU
		{1DDFCF5A-8E40-5B73-DCED-C0D97D235CB9}.Release|Any CPU.Build.0 = Release|Any CPU
		{D2633F8E-41F2-12A8-70B8-267BA950589E}.Debug|Any CPU.ActiveCfg = Debug|Any CPU
		{D2633F8E-41F2-12A8-70B8-267BA950589E}.Debug|Any CPU.Build.0 = Debug|Any CPU
		{D2633F8E-41F2-12A8-70B8-267BA950589E}.Release|Any CPU.ActiveCfg = Release|Any CPU
		{D2633F8E-41F2-12A8-70B8-267BA950589E}.Release|Any CPU.Build.0 = Release|Any CPU
	EndGlobalSection
	GlobalSection(SolutionProperties) = preSolution
		HideSolutionNode = FALSE
	EndGlobalSection
EndGlobal
